
Microsoft Visual Studio Solution File, Format Version 12.00
Project("{FAE04EC0-301F-11D3-BF4B-00C04F79EFBC}") = "MeldRx.Community.McpTools.DarenaSolutions", "MeldRx.Community.McpTools.DarenaSolutions\MeldRx.Community.McpTools.DarenaSolutions.csproj", "{747C6242-8683-4AF1-A7EC-53322941857A}"
EndProject
Project("{FAE04EC0-301F-11D3-BF4B-00C04F79EFBC}") = "MeldRx.Community.Mcp.Core", "..\..\core\MeldRx.Community.Mcp.Core\MeldRx.Community.Mcp.Core.csproj", "{042A3920-5D91-4654-8523-4E01B78E322D}"
EndProject
Global
	GlobalSection(SolutionConfigurationPlatforms) = preSolution
		Debug|Any CPU = Debug|Any CPU
		Release|Any CPU = Release|Any CPU
	EndGlobalSection
	GlobalSection(ProjectConfigurationPlatforms) = postSolution
		{747C6242-8683-4AF1-A7EC-53322941857A}.Debug|Any CPU.ActiveCfg = Debug|Any CPU
		{747C6242-8683-4AF1-A7EC-53322941857A}.Debug|Any CPU.Build.0 = Debug|Any CPU
		{747C6242-8683-4AF1-A7EC-53322941857A}.Release|Any CPU.ActiveCfg = Release|Any CPU
		{747C6242-8683-4AF1-A7EC-53322941857A}.Release|Any CPU.Build.0 = Release|Any CPU
		{042A3920-5D91-4654-8523-4E01B78E322D}.Debug|Any CPU.ActiveCfg = Debug|Any CPU
		{042A3920-5D91-4654-8523-4E01B78E322D}.Debug|Any CPU.Build.0 = Debug|Any CPU
		{042A3920-5D91-4654-8523-4E01B78E322D}.Release|Any CPU.ActiveCfg = Release|Any CPU
		{042A3920-5D91-4654-8523-4E01B78E322D}.Release|Any CPU.Build.0 = Release|Any CPU
	EndGlobalSection
EndGlobal
